speakeasyVersion: 1.656.2
sources:
    sudo-api:
        sourceNamespace: sudo-api
        sourceRevisionDigest: sha256:ce941d886038ecbd35ad380c307e6ef25b311365f04ed941820c775e651af2a6
        sourceBlobDigest: sha256:ad465108b6f7fe437b5fd121557ed153957b2d8cab592d757317c115e4727155
        tags:
            - latest
            - 0.1.0
targets:
    sudo:
        source: sudo-api
        sourceNamespace: sudo-api
        sourceRevisionDigest: sha256:ce941d886038ecbd35ad380c307e6ef25b311365f04ed941820c775e651af2a6
        sourceBlobDigest: sha256:ad465108b6f7fe437b5fd121557ed153957b2d8cab592d757317c115e4727155
workflow:
    workflowVersion: 1.0.0
    speakeasyVersion: latest
    sources:
        sudo-api:
            inputs:
                - location: openapi.json
            output: .speakeasy/out.openapi.yaml
            registry:
                location: registry.speakeasyapi.dev/committee-services/default/sudo-api
    targets:
        sudo:
            target: python
            source: sudo-api
            codeSamples:
                registry:
                    location: registry.speakeasyapi.dev/committee-services/default/sudo-api-python-code-samples
                labelOverride:
                    fixedValue: Python (SDK)
                blocking: false
