speakeasyVersion: 1.656.2
sources:
    sudo-api:
        sourceNamespace: sudo-api
        sourceRevisionDigest: sha256:ffae090751c60b3e5d1e1430db6a058a6d2a2bd7b1e13e6fa0489100d80663e5
        sourceBlobDigest: sha256:22327c26da6ab1fddf5d9d3c178583ca89a38c37ab301085c12104dd862bcd8d
        tags:
            - latest
            - 0.1.0
targets:
    sudo:
        source: sudo-api
        sourceNamespace: sudo-api
        sourceRevisionDigest: sha256:ffae090751c60b3e5d1e1430db6a058a6d2a2bd7b1e13e6fa0489100d80663e5
        sourceBlobDigest: sha256:22327c26da6ab1fddf5d9d3c178583ca89a38c37ab301085c12104dd862bcd8d
workflow:
    workflowVersion: 1.0.0
    speakeasyVersion: latest
    sources:
        sudo-api:
            inputs:
                - location: openapi.json
            output: .speakeasy/out.openapi.yaml
            registry:
                location: registry.speakeasyapi.dev/committee-services/default/sudo-api
    targets:
        sudo:
            target: python
            source: sudo-api
            codeSamples:
                registry:
                    location: registry.speakeasyapi.dev/committee-services/default/sudo-api-python-code-samples
                labelOverride:
                    fixedValue: Python (SDK)
                blocking: false
